
Microsoft Visual Studio Solution File, Format Version 12.00
# Visual Studio Version 16
VisualStudioVersion = 16.0.30711.63
MinimumVisualStudioVersion = 10.0.40219.1
Project("{8BC9CEB8-8B4A-11D0-8D11-00A0C91BC942}") = "Classes", "ChernoWorks\ChernoWorks.vcxproj", "{C3206DA4-9809-4DC8-856D-547100DFE665}"
EndProject
Project("{8BC9CEB8-8B4A-11D0-8D11-00A0C91BC942}") = "Enums", "Enums\Enums.vcxproj", "{FB61D87F-7BE8-4F9B-9D8C-46987887B824}"
EndProject
Project("{8BC9CEB8-8B4A-11D0-8D11-00A0C91BC942}") = "Inheritance", "Project1\Project1.vcxproj", "{7B0EF7D7-6334-4232-9AAA-DAC79A1D5C04}"
EndProject
Project("{8BC9CEB8-8B4A-11D0-8D11-00A0C91BC942}") = "VirtualFunctions", "VirtualFunctions\VirtualFunctions.vcxproj", "{624B7565-E5E0-42E9-AE19-2DDECBF616F4}"
EndProject
Project("{8BC9CEB8-8B4A-11D0-8D11-00A0C91BC942}") = "Arrays.cpp", "Visibility.cpp\Visibility.cpp.vcxproj", "{C7A56E81-8459-4165-AAF4-9A647B10DB81}"
EndProject
Project("{8BC9CEB8-8B4A-11D0-8D11-00A0C91BC942}") = "Strings", "Strings\Strings.vcxproj", "{7FD60407-DD04-40C5-981D-89AC7788EE38}"
EndProject
Project("{8BC9CEB8-8B4A-11D0-8D11-00A0C91BC942}") = "Consts", "Consts\Consts.vcxproj", "{E162EFC8-4440-48EB-AE4E-481B51AFB557}"
EndProject
Project("{8BC9CEB8-8B4A-11D0-8D11-00A0C91BC942}") = "Mutable", "Mutable\Mutable.vcxproj", "{DF0A121E-43EB-4028-87D3-495481645752}"
EndProject
Project("{8BC9CEB8-8B4A-11D0-8D11-00A0C91BC942}") = "CreateInstantiate", "CreateInstantiate\CreateInstantiate.vcxproj", "{3900F3EA-2399-4E13-801A-79F16BC63C4E}"
EndProject
Project("{8BC9CEB8-8B4A-11D0-8D11-00A0C91BC942}") = "This", "This\This.vcxproj", "{68494C02-507B-4808-9052-3F32352CC7D7}"
EndProject
Project("{8BC9CEB8-8B4A-11D0-8D11-00A0C91BC942}") = "Copying", "Copying\Copying.vcxproj", "{50D1FEFB-3593-46DE-8A96-A5CD728CCD23}"
EndProject
Project("{8BC9CEB8-8B4A-11D0-8D11-00A0C91BC942}") = "OpenGLWorks", "OpenGLWorks\OpenGLWorks.vcxproj", "{96168784-30E7-4ED1-93EF-6E356710D10F}"
EndProject
Project("{8BC9CEB8-8B4A-11D0-8D11-00A0C91BC942}") = "FunctionPointers", "FunctionPointers\FunctionPointers.vcxproj", "{892D13EE-90E4-4947-8B0E-3ADD0F8D2016}"
EndProject
Project("{8BC9CEB8-8B4A-11D0-8D11-00A0C91BC942}") = "Threads", "Threads\Threads.vcxproj", "{76D2F8D6-3E17-435F-97CD-218D82ACCB42}"
EndProject
Project("{8BC9CEB8-8B4A-11D0-8D11-00A0C91BC942}") = "Timing", "Timing\Timing.vcxproj", "{6C6EEBC5-93CC-4950-A929-486F854296DC}"
EndProject
Project("{8BC9CEB8-8B4A-11D0-8D11-00A0C91BC942}") = "Polymorphism", "Polymorphism\Polymorphism.vcxproj", "{24AC7F1A-A98C-4C61-A79F-C1ADD3F2507D}"
EndProject
Project("{8BC9CEB8-8B4A-11D0-8D11-00A0C91BC942}") = "Singleton", "Singleton\Singleton.vcxproj", "{1986EB60-CEC9-4E71-A5D9-4AA7F11C6934}"
EndProject
Project("{8BC9CEB8-8B4A-11D0-8D11-00A0C91BC942}") = "Vector (ArrayLists)", "Vector (ArrayLists)\Vector (ArrayLists).vcxproj", "{9DF3ABBF-AE86-443D-85ED-C22F0BA13CF3}"
EndProject
Project("{8BC9CEB8-8B4A-11D0-8D11-00A0C91BC942}") = "LvalueRValue", "LvalueRValue\LvalueRValue.vcxproj", "{BDE904A6-2383-4318-B918-90407372BA7C}"
EndProject
Project("{8BC9CEB8-8B4A-11D0-8D11-00A0C91BC942}") = "Move", "Move\Move.vcxproj", "{B0E6726C-AB64-4900-9B67-00C6E271B013}"
EndProject
Global
	GlobalSection(SolutionConfigurationPlatforms) = preSolution
		Debug|x64 = Debug|x64
		Debug|x86 = Debug|x86
		Release|x64 = Release|x64
		Release|x86 = Release|x86
	EndGlobalSection
	GlobalSection(ProjectConfigurationPlatforms) = postSolution
		{C3206DA4-9809-4DC8-856D-547100DFE665}.Debug|x64.ActiveCfg = Debug|x64
		{C3206DA4-9809-4DC8-856D-547100DFE665}.Debug|x64.Build.0 = Debug|x64
		{C3206DA4-9809-4DC8-856D-547100DFE665}.Debug|x86.ActiveCfg = Debug|Win32
		{C3206DA4-9809-4DC8-856D-547100DFE665}.Debug|x86.Build.0 = Debug|Win32
		{C3206DA4-9809-4DC8-856D-547100DFE665}.Release|x64.ActiveCfg = Release|x64
		{C3206DA4-9809-4DC8-856D-547100DFE665}.Release|x64.Build.0 = Release|x64
		{C3206DA4-9809-4DC8-856D-547100DFE665}.Release|x86.ActiveCfg = Release|Win32
		{C3206DA4-9809-4DC8-856D-547100DFE665}.Release|x86.Build.0 = Release|Win32
		{FB61D87F-7BE8-4F9B-9D8C-46987887B824}.Debug|x64.ActiveCfg = Debug|x64
		{FB61D87F-7BE8-4F9B-9D8C-46987887B824}.Debug|x64.Build.0 = Debug|x64
		{FB61D87F-7BE8-4F9B-9D8C-46987887B824}.Debug|x86.ActiveCfg = Debug|Win32
		{FB61D87F-7BE8-4F9B-9D8C-46987887B824}.Debug|x86.Build.0 = Debug|Win32
		{FB61D87F-7BE8-4F9B-9D8C-46987887B824}.Release|x64.ActiveCfg = Release|x64
		{FB61D87F-7BE8-4F9B-9D8C-46987887B824}.Release|x64.Build.0 = Release|x64
		{FB61D87F-7BE8-4F9B-9D8C-46987887B824}.Release|x86.ActiveCfg = Release|Win32
		{FB61D87F-7BE8-4F9B-9D8C-46987887B824}.Release|x86.Build.0 = Release|Win32
		{7B0EF7D7-6334-4232-9AAA-DAC79A1D5C04}.Debug|x64.ActiveCfg = Debug|x64
		{7B0EF7D7-6334-4232-9AAA-DAC79A1D5C04}.Debug|x64.Build.0 = Debug|x64
		{7B0EF7D7-6334-4232-9AAA-DAC79A1D5C04}.Debug|x86.ActiveCfg = Debug|Win32
		{7B0EF7D7-6334-4232-9AAA-DAC79A1D5C04}.Debug|x86.Build.0 = Debug|Win32
		{7B0EF7D7-6334-4232-9AAA-DAC79A1D5C04}.Release|x64.ActiveCfg = Release|x64
		{7B0EF7D7-6334-4232-9AAA-DAC79A1D5C04}.Release|x64.Build.0 = Release|x64
		{7B0EF7D7-6334-4232-9AAA-DAC79A1D5C04}.Release|x86.ActiveCfg = Release|Win32
		{7B0EF7D7-6334-4232-9AAA-DAC79A1D5C04}.Release|x86.Build.0 = Release|Win32
		{624B7565-E5E0-42E9-AE19-2DDECBF616F4}.Debug|x64.ActiveCfg = Debug|x64
		{624B7565-E5E0-42E9-AE19-2DDECBF616F4}.Debug|x64.Build.0 = Debug|x64
		{624B7565-E5E0-42E9-AE19-2DDECBF616F4}.Debug|x86.ActiveCfg = Debug|Win32
		{624B7565-E5E0-42E9-AE19-2DDECBF616F4}.Debug|x86.Build.0 = Debug|Win32
		{624B7565-E5E0-42E9-AE19-2DDECBF616F4}.Release|x64.ActiveCfg = Release|x64
		{624B7565-E5E0-42E9-AE19-2DDECBF616F4}.Release|x64.Build.0 = Release|x64
		{624B7565-E5E0-42E9-AE19-2DDECBF616F4}.Release|x86.ActiveCfg = Release|Win32
		{624B7565-E5E0-42E9-AE19-2DDECBF616F4}.Release|x86.Build.0 = Release|Win32
		{C7A56E81-8459-4165-AAF4-9A647B10DB81}.Debug|x64.ActiveCfg = Debug|x64
		{C7A56E81-8459-4165-AAF4-9A647B10DB81}.Debug|x64.Build.0 = Debug|x64
		{C7A56E81-8459-4165-AAF4-9A647B10DB81}.Debug|x86.ActiveCfg = Debug|Win32
		{C7A56E81-8459-4165-AAF4-9A647B10DB81}.Debug|x86.Build.0 = Debug|Win32
		{C7A56E81-8459-4165-AAF4-9A647B10DB81}.Release|x64.ActiveCfg = Release|x64
		{C7A56E81-8459-4165-AAF4-9A647B10DB81}.Release|x64.Build.0 = Release|x64
		{C7A56E81-8459-4165-AAF4-9A647B10DB81}.Release|x86.ActiveCfg = Release|Win32
		{C7A56E81-8459-4165-AAF4-9A647B10DB81}.Release|x86.Build.0 = Release|Win32
		{7FD60407-DD04-40C5-981D-89AC7788EE38}.Debug|x64.ActiveCfg = Debug|x64
		{7FD60407-DD04-40C5-981D-89AC7788EE38}.Debug|x64.Build.0 = Debug|x64
		{7FD60407-DD04-40C5-981D-89AC7788EE38}.Debug|x86.ActiveCfg = Debug|Win32
		{7FD60407-DD04-40C5-981D-89AC7788EE38}.Debug|x86.Build.0 = Debug|Win32
		{7FD60407-DD04-40C5-981D-89AC7788EE38}.Release|x64.ActiveCfg = Release|x64
		{7FD60407-DD04-40C5-981D-89AC7788EE38}.Release|x64.Build.0 = Release|x64
		{7FD60407-DD04-40C5-981D-89AC7788EE38}.Release|x86.ActiveCfg = Release|Win32
		{7FD60407-DD04-40C5-981D-89AC7788EE38}.Release|x86.Build.0 = Release|Win32
		{E162EFC8-4440-48EB-AE4E-481B51AFB557}.Debug|x64.ActiveCfg = Debug|x64
		{E162EFC8-4440-48EB-AE4E-481B51AFB557}.Debug|x64.Build.0 = Debug|x64
		{E162EFC8-4440-48EB-AE4E-481B51AFB557}.Debug|x86.ActiveCfg = Debug|Win32
		{E162EFC8-4440-48EB-AE4E-481B51AFB557}.Debug|x86.Build.0 = Debug|Win32
		{E162EFC8-4440-48EB-AE4E-481B51AFB557}.Release|x64.ActiveCfg = Release|x64
		{E162EFC8-4440-48EB-AE4E-481B51AFB557}.Release|x64.Build.0 = Release|x64
		{E162EFC8-4440-48EB-AE4E-481B51AFB557}.Release|x86.ActiveCfg = Release|Win32
		{E162EFC8-4440-48EB-AE4E-481B51AFB557}.Release|x86.Build.0 = Release|Win32
		{DF0A121E-43EB-4028-87D3-495481645752}.Debug|x64.ActiveCfg = Debug|x64
		{DF0A121E-43EB-4028-87D3-495481645752}.Debug|x64.Build.0 = Debug|x64
		{DF0A121E-43EB-4028-87D3-495481645752}.Debug|x86.ActiveCfg = Debug|Win32
		{DF0A121E-43EB-4028-87D3-495481645752}.Debug|x86.Build.0 = Debug|Win32
		{DF0A121E-43EB-4028-87D3-495481645752}.Release|x64.ActiveCfg = Release|x64
		{DF0A121E-43EB-4028-87D3-495481645752}.Release|x64.Build.0 = Release|x64
		{DF0A121E-43EB-4028-87D3-495481645752}.Release|x86.ActiveCfg = Release|Win32
		{DF0A121E-43EB-4028-87D3-495481645752}.Release|x86.Build.0 = Release|Win32
		{3900F3EA-2399-4E13-801A-79F16BC63C4E}.Debug|x64.ActiveCfg = Debug|x64
		{3900F3EA-2399-4E13-801A-79F16BC63C4E}.Debug|x64.Build.0 = Debug|x64
		{3900F3EA-2399-4E13-801A-79F16BC63C4E}.Debug|x86.ActiveCfg = Debug|Win32
		{3900F3EA-2399-4E13-801A-79F16BC63C4E}.Debug|x86.Build.0 = Debug|Win32
		{3900F3EA-2399-4E13-801A-79F16BC63C4E}.Release|x64.ActiveCfg = Release|x64
		{3900F3EA-2399-4E13-801A-79F16BC63C4E}.Release|x64.Build.0 = Release|x64
		{3900F3EA-2399-4E13-801A-79F16BC63C4E}.Release|x86.ActiveCfg = Release|Win32
		{3900F3EA-2399-4E13-801A-79F16BC63C4E}.Release|x86.Build.0 = Release|Win32
		{68494C02-507B-4808-9052-3F32352CC7D7}.Debug|x64.ActiveCfg = Debug|x64
		{68494C02-507B-4808-9052-3F32352CC7D7}.Debug|x64.Build.0 = Debug|x64
		{68494C02-507B-4808-9052-3F32352CC7D7}.Debug|x86.ActiveCfg = Debug|Win32
		{68494C02-507B-4808-9052-3F32352CC7D7}.Debug|x86.Build.0 = Debug|Win32
		{68494C02-507B-4808-9052-3F32352CC7D7}.Release|x64.ActiveCfg = Release|x64
		{68494C02-507B-4808-9052-3F32352CC7D7}.Release|x64.Build.0 = Release|x64
		{68494C02-507B-4808-9052-3F32352CC7D7}.Release|x86.ActiveCfg = Release|Win32
		{68494C02-507B-4808-9052-3F32352CC7D7}.Release|x86.Build.0 = Release|Win32
		{50D1FEFB-3593-46DE-8A96-A5CD728CCD23}.Debug|x64.ActiveCfg = Debug|x64
		{50D1FEFB-3593-46DE-8A96-A5CD728CCD23}.Debug|x64.Build.0 = Debug|x64
		{50D1FEFB-3593-46DE-8A96-A5CD728CCD23}.Debug|x86.ActiveCfg = Debug|Win32
		{50D1FEFB-3593-46DE-8A96-A5CD728CCD23}.Debug|x86.Build.0 = Debug|Win32
		{50D1FEFB-3593-46DE-8A96-A5CD728CCD23}.Release|x64.ActiveCfg = Release|x64
		{50D1FEFB-3593-46DE-8A96-A5CD728CCD23}.Release|x64.Build.0 = Release|x64
		{50D1FEFB-3593-46DE-8A96-A5CD728CCD23}.Release|x86.ActiveCfg = Release|Win32
		{50D1FEFB-3593-46DE-8A96-A5CD728CCD23}.Release|x86.Build.0 = Release|Win32
		{96168784-30E7-4ED1-93EF-6E356710D10F}.Debug|x64.ActiveCfg = Debug|x64
		{96168784-30E7-4ED1-93EF-6E356710D10F}.Debug|x64.Build.0 = Debug|x64
		{96168784-30E7-4ED1-93EF-6E356710D10F}.Debug|x86.ActiveCfg = Debug|Win32
		{96168784-30E7-4ED1-93EF-6E356710D10F}.Debug|x86.Build.0 = Debug|Win32
		{96168784-30E7-4ED1-93EF-6E356710D10F}.Release|x64.ActiveCfg = Release|x64
		{96168784-30E7-4ED1-93EF-6E356710D10F}.Release|x64.Build.0 = Release|x64
		{96168784-30E7-4ED1-93EF-6E356710D10F}.Release|x86.ActiveCfg = Release|Win32
		{96168784-30E7-4ED1-93EF-6E356710D10F}.Release|x86.Build.0 = Release|Win32
		{892D13EE-90E4-4947-8B0E-3ADD0F8D2016}.Debug|x64.ActiveCfg = Debug|x64
		{892D13EE-90E4-4947-8B0E-3ADD0F8D2016}.Debug|x64.Build.0 = Debug|x64
		{892D13EE-90E4-4947-8B0E-3ADD0F8D2016}.Debug|x86.ActiveCfg = Debug|Win32
		{892D13EE-90E4-4947-8B0E-3ADD0F8D2016}.Debug|x86.Build.0 = Debug|Win32
		{892D13EE-90E4-4947-8B0E-3ADD0F8D2016}.Release|x64.ActiveCfg = Release|x64
		{892D13EE-90E4-4947-8B0E-3ADD0F8D2016}.Release|x64.Build.0 = Release|x64
		{892D13EE-90E4-4947-8B0E-3ADD0F8D2016}.Release|x86.ActiveCfg = Release|Win32
		{892D13EE-90E4-4947-8B0E-3ADD0F8D2016}.Release|x86.Build.0 = Release|Win32
		{76D2F8D6-3E17-435F-97CD-218D82ACCB42}.Debug|x64.ActiveCfg = Debug|x64
		{76D2F8D6-3E17-435F-97CD-218D82ACCB42}.Debug|x64.Build.0 = Debug|x64
		{76D2F8D6-3E17-435F-97CD-218D82ACCB42}.Debug|x86.ActiveCfg = Debug|Win32
		{76D2F8D6-3E17-435F-97CD-218D82ACCB42}.Debug|x86.Build.0 = Debug|Win32
		{76D2F8D6-3E17-435F-97CD-218D82ACCB42}.Release|x64.ActiveCfg = Release|x64
		{76D2F8D6-3E17-435F-97CD-218D82ACCB42}.Release|x64.Build.0 = Release|x64
		{76D2F8D6-3E17-435F-97CD-218D82ACCB42}.Release|x86.ActiveCfg = Release|Win32
		{76D2F8D6-3E17-435F-97CD-218D82ACCB42}.Release|x86.Build.0 = Release|Win32
		{6C6EEBC5-93CC-4950-A929-486F854296DC}.Debug|x64.ActiveCfg = Debug|x64
		{6C6EEBC5-93CC-4950-A929-486F854296DC}.Debug|x64.Build.0 = Debug|x64
		{6C6EEBC5-93CC-4950-A929-486F854296DC}.Debug|x86.ActiveCfg = Debug|Win32
		{6C6EEBC5-93CC-4950-A929-486F854296DC}.Debug|x86.Build.0 = Debug|Win32
		{6C6EEBC5-93CC-4950-A929-486F854296DC}.Release|x64.ActiveCfg = Release|x64
		{6C6EEBC5-93CC-4950-A929-486F854296DC}.Release|x64.Build.0 = Release|x64
		{6C6EEBC5-93CC-4950-A929-486F854296DC}.Release|x86.ActiveCfg = Release|Win32
		{6C6EEBC5-93CC-4950-A929-486F854296DC}.Release|x86.Build.0 = Release|Win32
		{24AC7F1A-A98C-4C61-A79F-C1ADD3F2507D}.Debug|x64.ActiveCfg = Debug|x64
		{24AC7F1A-A98C-4C61-A79F-C1ADD3F2507D}.Debug|x64.Build.0 = Debug|x64
		{24AC7F1A-A98C-4C61-A79F-C1ADD3F2507D}.Debug|x86.ActiveCfg = Debug|Win32
		{24AC7F1A-A98C-4C61-A79F-C1ADD3F2507D}.Debug|x86.Build.0 = Debug|Win32
		{24AC7F1A-A98C-4C61-A79F-C1ADD3F2507D}.Release|x64.ActiveCfg = Release|x64
		{24AC7F1A-A98C-4C61-A79F-C1ADD3F2507D}.Release|x64.Build.0 = Release|x64
		{24AC7F1A-A98C-4C61-A79F-C1ADD3F2507D}.Release|x86.ActiveCfg = Release|Win32
		{24AC7F1A-A98C-4C61-A79F-C1ADD3F2507D}.Release|x86.Build.0 = Release|Win32
		{1986EB60-CEC9-4E71-A5D9-4AA7F11C6934}.Debug|x64.ActiveCfg = Debug|x64
		{1986EB60-CEC9-4E71-A5D9-4AA7F11C6934}.Debug|x64.Build.0 = Debug|x64
		{1986EB60-CEC9-4E71-A5D9-4AA7F11C6934}.Debug|x86.ActiveCfg = Debug|Win32
		{1986EB60-CEC9-4E71-A5D9-4AA7F11C6934}.Debug|x86.Build.0 = Debug|Win32
		{1986EB60-CEC9-4E71-A5D9-4AA7F11C6934}.Release|x64.ActiveCfg = Release|x64
		{1986EB60-CEC9-4E71-A5D9-4AA7F11C6934}.Release|x64.Build.0 = Release|x64
		{1986EB60-CEC9-4E71-A5D9-4AA7F11C6934}.Release|x86.ActiveCfg = Release|Win32
		{1986EB60-CEC9-4E71-A5D9-4AA7F11C6934}.Release|x86.Build.0 = Release|Win32
		{9DF3ABBF-AE86-443D-85ED-C22F0BA13CF3}.Debug|x64.ActiveCfg = Debug|x64
		{9DF3ABBF-AE86-443D-85ED-C22F0BA13CF3}.Debug|x64.Build.0 = Debug|x64
		{9DF3ABBF-AE86-443D-85ED-C22F0BA13CF3}.Debug|x86.ActiveCfg = Debug|Win32
		{9DF3ABBF-AE86-443D-85ED-C22F0BA13CF3}.Debug|x86.Build.0 = Debug|Win32
		{9DF3ABBF-AE86-443D-85ED-C22F0BA13CF3}.Release|x64.ActiveCfg = Release|x64
		{9DF3ABBF-AE86-443D-85ED-C22F0BA13CF3}.Release|x64.Build.0 = Release|x64
		{9DF3ABBF-AE86-443D-85ED-C22F0BA13CF3}.Release|x86.ActiveCfg = Release|Win32
		{9DF3ABBF-AE86-443D-85ED-C22F0BA13CF3}.Release|x86.Build.0 = Release|Win32
		{BDE904A6-2383-4318-B918-90407372BA7C}.Debug|x64.ActiveCfg = Debug|x64
		{BDE904A6-2383-4318-B918-90407372BA7C}.Debug|x64.Build.0 = Debug|x64
		{BDE904A6-2383-4318-B918-90407372BA7C}.Debug|x86.ActiveCfg = Debug|Win32
		{BDE904A6-2383-4318-B918-90407372BA7C}.Debug|x86.Build.0 = Debug|Win32
		{BDE904A6-2383-4318-B918-90407372BA7C}.Release|x64.ActiveCfg = Release|x64
		{BDE904A6-2383-4318-B918-90407372BA7C}.Release|x64.Build.0 = Release|x64
		{BDE904A6-2383-4318-B918-90407372BA7C}.Release|x86.ActiveCfg = Release|Win32
		{BDE904A6-2383-4318-B918-90407372BA7C}.Release|x86.Build.0 = Release|Win32
		{B0E6726C-AB64-4900-9B67-00C6E271B013}.Debug|x64.ActiveCfg = Debug|x64
		{B0E6726C-AB64-4900-9B67-00C6E271B013}.Debug|x64.Build.0 = Debug|x64
		{B0E6726C-AB64-4900-9B67-00C6E271B013}.Debug|x86.ActiveCfg = Debug|Win32
		{B0E6726C-AB64-4900-9B67-00C6E271B013}.Debug|x86.Build.0 = Debug|Win32
		{B0E6726C-AB64-4900-9B67-00C6E271B013}.Release|x64.ActiveCfg = Release|x64
		{B0E6726C-AB64-4900-9B67-00C6E271B013}.Release|x64.Build.0 = Release|x64
		{B0E6726C-AB64-4900-9B67-00C6E271B013}.Release|x86.ActiveCfg = Release|Win32
		{B0E6726C-AB64-4900-9B67-00C6E271B013}.Release|x86.Build.0 = Release|Win32
	EndGlobalSection
	GlobalSection(SolutionProperties) = preSolution
		HideSolutionNode = FALSE
	EndGlobalSection
	GlobalSection(ExtensibilityGlobals) = postSolution
		SolutionGuid = {26D461A1-D447-4FA2-B599-D67D558C7187}
	EndGlobalSection
EndGlobal
